{
  "nodes": {
    "nixpkgs": {
      "locked": {
        "lastModified": 1768178648,
        "narHash": "sha256-kz/F6mhESPvU1diB7tOM3nLcBfQe7GU7GQCymRlTi/s=",
        "owner": "nixos",
        "repo": "nixpkgs",
        "rev": "3fbab70c6e69c87ea2b6e48aa6629da2aa6a23b0",
        "type": "github"
      },
      "original": {
        "owner": "nixos",
        "ref": "nixpkgs-unstable",
        "repo": "nixpkgs",
        "type": "github"
      }
    },
    "root": {
      "inputs": {
        "nixpkgs": "nixpkgs",
        "semgrep-rules": "semgrep-rules",
        "systems": "systems",
        "trev": "trev"
      }
    },
    "semgrep-rules": {
      "flake": false,
      "locked": {
        "lastModified": 1768306966,
        "narHash": "sha256-dE2f0xnHEIPd7Axm0CFobmNHpYLDj92qlmc30O/9oLc=",
        "owner": "semgrep",
        "repo": "semgrep-rules",
        "rev": "43ba5c76554e06bd56a4ede758fa5156f6c0a2ec",
        "type": "github"
      },
      "original": {
        "owner": "semgrep",
        "repo": "semgrep-rules",
        "type": "github"
      }
    },
    "systems": {
      "locked": {
        "lastModified": 1681028828,
        "narHash": "sha256-Vy1rq5AaRuLzOxct8nz4T6wlgyUR7zLU309k9mBC768=",
        "owner": "nix-systems",
        "repo": "default",
        "rev": "da67096a3b9bf56a91d16901293e51ba5b49a27e",
        "type": "github"
      },
      "original": {
        "owner": "nix-systems",
        "repo": "default",
        "type": "github"
      }
    },
    "trev": {
      "inputs": {
        "nixpkgs": [
          "nixpkgs"
        ],
        "systems": [
          "systems"
        ]
      },
      "locked": {
        "lastModified": 1768329254,
        "narHash": "sha256-1d5W19sNHJYJBEWna7ZsKNz8HpKe6l0hNhqpcmXc1h4=",
        "owner": "spotdemo4",
        "repo": "nur",
        "rev": "0b4efdd3dba22ea46c21afbc8ff9c19bb2c6e66c",
        "type": "github"
      },
      "original": {
        "owner": "spotdemo4",
        "repo": "nur",
        "type": "github"
      }
    }
  },
  "root": "root",
  "version": 7
}
