{
  "nodes": {
    "nixpkgs": {
      "locked": {
        "lastModified": 1768302833,
        "narHash": "sha256-h5bRFy9bco+8QcK7rGoOiqMxMbmn21moTACofNLRMP4=",
        "owner": "nixos",
        "repo": "nixpkgs",
        "rev": "61db79b0c6b838d9894923920b612048e1201926",
        "type": "github"
      },
      "original": {
        "owner": "nixos",
        "ref": "nixpkgs-unstable",
        "repo": "nixpkgs",
        "type": "github"
      }
    },
    "root": {
      "inputs": {
        "nixpkgs": "nixpkgs",
        "semgrep-rules": "semgrep-rules",
        "systems": "systems",
        "trev": "trev"
      }
    },
    "semgrep-rules": {
      "flake": false,
      "locked": {
        "lastModified": 1768360392,
        "narHash": "sha256-GfzFluhrfRBdyeWomLOQsxeQzb5k51KhAO1XZ201fL0=",
        "owner": "semgrep",
        "repo": "semgrep-rules",
        "rev": "241477b854cb7adf280bf1406a6d1711c65ed33c",
        "type": "github"
      },
      "original": {
        "owner": "semgrep",
        "repo": "semgrep-rules",
        "type": "github"
      }
    },
    "systems": {
      "locked": {
        "lastModified": 1681028828,
        "narHash": "sha256-Vy1rq5AaRuLzOxct8nz4T6wlgyUR7zLU309k9mBC768=",
        "owner": "nix-systems",
        "repo": "default",
        "rev": "da67096a3b9bf56a91d16901293e51ba5b49a27e",
        "type": "github"
      },
      "original": {
        "owner": "nix-systems",
        "repo": "default",
        "type": "github"
      }
    },
    "trev": {
      "inputs": {
        "nixpkgs": [
          "nixpkgs"
        ],
        "systems": [
          "systems"
        ]
      },
      "locked": {
        "lastModified": 1768382598,
        "narHash": "sha256-dfN2wV5FYMk0vqnENK/J4xzoPq4dDGJHMLFTgIlFafU=",
        "owner": "spotdemo4",
        "repo": "nur",
        "rev": "4aee554c2328bb9f4a98d49203be7fe9ab2ba482",
        "type": "github"
      },
      "original": {
        "owner": "spotdemo4",
        "repo": "nur",
        "type": "github"
      }
    }
  },
  "root": "root",
  "version": 7
}
